
Microsoft Visual Studio Solution File, Format Version 12.00
# Visual Studio Version 17
VisualStudioVersion = 17.7.33808.371
MinimumVisualStudioVersion = 10.0.40219.1
Project("{9A19103F-16F7-4668-BE54-9A1E7A4F7556}") = "WebApi", "WebApi.csproj", "{D61CB508-F61B-4D4E-8CF0-A0C2A606F849}"
EndProject
Project("{9A19103F-16F7-4668-BE54-9A1E7A4F7556}") = "Contracts", "..\Contracts\Contracts.csproj", "{7D063742-1043-48BB-AE29-82BC873F0DA1}"
EndProject
Project("{9A19103F-16F7-4668-BE54-9A1E7A4F7556}") = "LoggerService", "..\LoggerService\LoggerService.csproj", "{07DD5541-6CFB-4049-A8E6-EEA2FF7B9BBA}"
EndProject
Project("{9A19103F-16F7-4668-BE54-9A1E7A4F7556}") = "Entities", "..\Entities\Entities.csproj", "{3427FE2A-BFF9-45E9-8EB5-BE9460605B59}"
EndProject
Project("{9A19103F-16F7-4668-BE54-9A1E7A4F7556}") = "Repository", "..\Repository\Repository.csproj", "{22D328F6-1925-4B4F-AFB3-E476DCBD2665}"
EndProject
Project("{9A19103F-16F7-4668-BE54-9A1E7A4F7556}") = "Service.Contracts", "..\Service.Contracts\Service.Contracts.csproj", "{B0C59C0D-2426-4838-8CE6-6078D6B58582}"
EndProject
Project("{9A19103F-16F7-4668-BE54-9A1E7A4F7556}") = "Service.Services", "..\Service.Services\Service.Services.csproj", "{692C3224-2A66-491B-B592-F1AD548F41C0}"
EndProject
Project("{9A19103F-16F7-4668-BE54-9A1E7A4F7556}") = "Presentation", "..\Presentation\Presentation.csproj", "{B7B722C6-6019-4C3B-BE94-B241DA38CB81}"
EndProject
Project("{9A19103F-16F7-4668-BE54-9A1E7A4F7556}") = "BlazorWA", "..\BlazorWA\BlazorWA.csproj", "{E8ABE812-3DF3-4E75-A131-6E0059C10075}"
EndProject
Global
	GlobalSection(SolutionConfigurationPlatforms) = preSolution
		Debug|Any CPU = Debug|Any CPU
		Release|Any CPU = Release|Any CPU
	EndGlobalSection
	GlobalSection(ProjectConfigurationPlatforms) = postSolution
		{D61CB508-F61B-4D4E-8CF0-A0C2A606F849}.Debug|Any CPU.ActiveCfg = Debug|Any CPU
		{D61CB508-F61B-4D4E-8CF0-A0C2A606F849}.Debug|Any CPU.Build.0 = Debug|Any CPU
		{D61CB508-F61B-4D4E-8CF0-A0C2A606F849}.Release|Any CPU.ActiveCfg = Release|Any CPU
		{D61CB508-F61B-4D4E-8CF0-A0C2A606F849}.Release|Any CPU.Build.0 = Release|Any CPU
		{7D063742-1043-48BB-AE29-82BC873F0DA1}.Debug|Any CPU.ActiveCfg = Debug|Any CPU
		{7D063742-1043-48BB-AE29-82BC873F0DA1}.Debug|Any CPU.Build.0 = Debug|Any CPU
		{7D063742-1043-48BB-AE29-82BC873F0DA1}.Release|Any CPU.ActiveCfg = Release|Any CPU
		{7D063742-1043-48BB-AE29-82BC873F0DA1}.Release|Any CPU.Build.0 = Release|Any CPU
		{07DD5541-6CFB-4049-A8E6-EEA2FF7B9BBA}.Debug|Any CPU.ActiveCfg = Debug|Any CPU
		{07DD5541-6CFB-4049-A8E6-EEA2FF7B9BBA}.Debug|Any CPU.Build.0 = Debug|Any CPU
		{07DD5541-6CFB-4049-A8E6-EEA2FF7B9BBA}.Release|Any CPU.ActiveCfg = Release|Any CPU
		{07DD5541-6CFB-4049-A8E6-EEA2FF7B9BBA}.Release|Any CPU.Build.0 = Release|Any CPU
		{3427FE2A-BFF9-45E9-8EB5-BE9460605B59}.Debug|Any CPU.ActiveCfg = Debug|Any CPU
		{3427FE2A-BFF9-45E9-8EB5-BE9460605B59}.Debug|Any CPU.Build.0 = Debug|Any CPU
		{3427FE2A-BFF9-45E9-8EB5-BE9460605B59}.Release|Any CPU.ActiveCfg = Release|Any CPU
		{3427FE2A-BFF9-45E9-8EB5-BE9460605B59}.Release|Any CPU.Build.0 = Release|Any CPU
		{22D328F6-1925-4B4F-AFB3-E476DCBD2665}.Debug|Any CPU.ActiveCfg = Debug|Any CPU
		{22D328F6-1925-4B4F-AFB3-E476DCBD2665}.Debug|Any CPU.Build.0 = Debug|Any CPU
		{22D328F6-1925-4B4F-AFB3-E476DCBD2665}.Release|Any CPU.ActiveCfg = Release|Any CPU
		{22D328F6-1925-4B4F-AFB3-E476DCBD2665}.Release|Any CPU.Build.0 = Release|Any CPU
		{B0C59C0D-2426-4838-8CE6-6078D6B58582}.Debug|Any CPU.ActiveCfg = Debug|Any CPU
		{B0C59C0D-2426-4838-8CE6-6078D6B58582}.Debug|Any CPU.Build.0 = Debug|Any CPU
		{B0C59C0D-2426-4838-8CE6-6078D6B58582}.Release|Any CPU.ActiveCfg = Release|Any CPU
		{B0C59C0D-2426-4838-8CE6-6078D6B58582}.Release|Any CPU.Build.0 = Release|Any CPU
		{692C3224-2A66-491B-B592-F1AD548F41C0}.Debug|Any CPU.ActiveCfg = Debug|Any CPU
		{692C3224-2A66-491B-B592-F1AD548F41C0}.Debug|Any CPU.Build.0 = Debug|Any CPU
		{692C3224-2A66-491B-B592-F1AD548F41C0}.Release|Any CPU.ActiveCfg = Release|Any CPU
		{692C3224-2A66-491B-B592-F1AD548F41C0}.Release|Any CPU.Build.0 = Release|Any CPU
		{B7B722C6-6019-4C3B-BE94-B241DA38CB81}.Debug|Any CPU.ActiveCfg = Debug|Any CPU
		{B7B722C6-6019-4C3B-BE94-B241DA38CB81}.Debug|Any CPU.Build.0 = Debug|Any CPU
		{B7B722C6-6019-4C3B-BE94-B241DA38CB81}.Release|Any CPU.ActiveCfg = Release|Any CPU
		{B7B722C6-6019-4C3B-BE94-B241DA38CB81}.Release|Any CPU.Build.0 = Release|Any CPU
		{E8ABE812-3DF3-4E75-A131-6E0059C10075}.Debug|Any CPU.ActiveCfg = Debug|Any CPU
		{E8ABE812-3DF3-4E75-A131-6E0059C10075}.Debug|Any CPU.Build.0 = Debug|Any CPU
		{E8ABE812-3DF3-4E75-A131-6E0059C10075}.Release|Any CPU.ActiveCfg = Release|Any CPU
		{E8ABE812-3DF3-4E75-A131-6E0059C10075}.Release|Any CPU.Build.0 = Release|Any CPU
	EndGlobalSection
	GlobalSection(SolutionProperties) = preSolution
		HideSolutionNode = FALSE
	EndGlobalSection
	GlobalSection(ExtensibilityGlobals) = postSolution
		SolutionGuid = {A465DD20-CDE1-4816-85D4-4CA4C63B2D5B}
	EndGlobalSection
EndGlobal
